
Microsoft Visual Studio Solution File, Format Version 12.00
# Visual Studio Version 17
VisualStudioVersion = 17.0.31903.59
MinimumVisualStudioVersion = 10.0.40219.1
Project("{2150E333-8FDC-42A3-9474-1A3956D46DE8}") = "src", "src", "{69B58E24-8AC0-42F1-B79E-096E1B9D04C5}"
EndProject
Project("{FAE04EC0-301F-11D3-BF4B-00C04F79EFBC}") = "Examples.WebApi", "src\Examples.WebApi\Examples.WebApi.csproj", "{87E5B4A9-9A9A-4DE1-A636-9F3BEBF59B4F}"
EndProject
Global
	GlobalSection(SolutionConfigurationPlatforms) = preSolution
		Debug|Any CPU = Debug|Any CPU
		Release|Any CPU = Release|Any CPU
	EndGlobalSection
	GlobalSection(SolutionProperties) = preSolution
		HideSolutionNode = FALSE
	EndGlobalSection
	GlobalSection(ProjectConfigurationPlatforms) = postSolution
		{87E5B4A9-9A9A-4DE1-A636-9F3BEBF59B4F}.Debug|Any CPU.ActiveCfg = Debug|Any CPU
		{87E5B4A9-9A9A-4DE1-A636-9F3BEBF59B4F}.Debug|Any CPU.Build.0 = Debug|Any CPU
		{87E5B4A9-9A9A-4DE1-A636-9F3BEBF59B4F}.Release|Any CPU.ActiveCfg = Release|Any CPU
		{87E5B4A9-9A9A-4DE1-A636-9F3BEBF59B4F}.Release|Any CPU.Build.0 = Release|Any CPU
	EndGlobalSection
	GlobalSection(NestedProjects) = preSolution
		{87E5B4A9-9A9A-4DE1-A636-9F3BEBF59B4F} = {69B58E24-8AC0-42F1-B79E-096E1B9D04C5}
	EndGlobalSection
EndGlobal
